{
  "name": "easyvalid",
  "version": "0.0.1",
  "lockfileVersion": 1,
  "requires": true,
  "dependencies": {
    "@types/mocha": {
      "version": "5.2.5",
      "resolved": "https://registry.npmjs.org/@types/mocha/-/mocha-5.2.5.tgz",
      "integrity": "sha512-lAVp+Kj54ui/vLUFxsJTMtWvZraZxum3w3Nwkble2dNuV5VnPA+Mi2oGX9XYJAaIvZi3tn3cbjS/qcJXRb6Bww=="
    },
    "@types/node": {
      "version": "10.9.1",
      "resolved": "https://registry.npmjs.org/@types/node/-/node-10.9.1.tgz",
      "integrity": "sha512-f+qQR5lLCB8UPhtk8Xm8RQvbR4ycD7MOsdiuAEQCYpz44bBx2g7JL0+iYBcjl9J7d0KT1sX2g0VGNeHfw+GXpg=="
    },
    "easyerror": {
      "version": "0.1.1",
      "resolved": "https://registry.npmjs.org/easyerror/-/easyerror-0.1.1.tgz",
      "integrity": "sha512-CeCZqOxGRH1LPsAzZnWgz+b02QPsTi4O1FcJ8u4Gr9X83QsP1/xdHfv3aVGe9p94WH24njN0XHrHROWg2vfddQ==",
      "requires": {
        "@types/mocha": "5.2.5",
        "@types/node": "10.9.1"
      }
    }
  }
}
